
Microsoft Visual Studio Solution File, Format Version 12.00
# Visual Studio 15
VisualStudioVersion = 15.0.27703.2000
MinimumVisualStudioVersion = 10.0.40219.1
Project("{2150E333-8FDC-42A3-9474-1A3956D46DE8}") = "00 【文档】Document", "00 【文档】Document", "{B5100B20-5D34-468E-8A3D-855562ADF15A}"
	ProjectSection(SolutionItems) = preProject
		简介.MD = 简介.MD
	EndProjectSection
EndProject
Project("{2150E333-8FDC-42A3-9474-1A3956D46DE8}") = "03 【工厂方法模式】Factory Method Pattern", "03 【工厂方法模式】Factory Method Pattern", "{82580DA3-37BA-4CB8-92B0-E14A0ED7E11D}"
EndProject
Project("{FAE04EC0-301F-11D3-BF4B-00C04F79EFBC}") = "FactoryMethodPattern", "FactoryMethodPattern\FactoryMethodPattern.csproj", "{C3630468-2846-464F-A4ED-6D1753A668A4}"
EndProject
Project("{2150E333-8FDC-42A3-9474-1A3956D46DE8}") = "04 【抽象工厂模式】Abstract Factory Pattern", "04 【抽象工厂模式】Abstract Factory Pattern", "{58633814-E6AB-4853-B705-DEA2865E0146}"
EndProject
Project("{FAE04EC0-301F-11D3-BF4B-00C04F79EFBC}") = "AbstractFactoryPattern", "AbstractFactoryPattern\AbstractFactoryPattern.csproj", "{B5C01D89-DBB2-4C50-A68F-30C8E40F0A71}"
EndProject
Project("{2150E333-8FDC-42A3-9474-1A3956D46DE8}") = "01 【单例模式】 Singleton Pattern", "01 【单例模式】 Singleton Pattern", "{52CF030A-8BF0-4D3F-A90B-7696EBB268D7}"
EndProject
Project("{FAE04EC0-301F-11D3-BF4B-00C04F79EFBC}") = "SingletonPattern", "SingletonPattern\SingletonPattern.csproj", "{0BF944CD-6E02-4410-8012-D0B561CB16BD}"
EndProject
Project("{2150E333-8FDC-42A3-9474-1A3956D46DE8}") = "02 【简单工厂模式】Simple Factory Pattern", "02 【简单工厂模式】Simple Factory Pattern", "{B7AF08A8-AE1B-400E-A2C0-60AA0E769F1F}"
EndProject
Project("{FAE04EC0-301F-11D3-BF4B-00C04F79EFBC}") = "SimpleFactoryPattern", "SimpleFactoryPattern\SimpleFactoryPattern.csproj", "{01ADAE31-B41A-4BF1-9BA2-1ED8A9DAB274}"
EndProject
Project("{2150E333-8FDC-42A3-9474-1A3956D46DE8}") = "05 【建造模式】Builder Pattern", "05 【建造模式】Builder Pattern", "{14725CD9-4771-464C-B9DE-980DD4F2BD91}"
EndProject
Project("{FAE04EC0-301F-11D3-BF4B-00C04F79EFBC}") = "BuilderPattern", "BuilderPattern\BuilderPattern.csproj", "{A64C5AF1-4CC4-46D5-BAB4-231558020DC2}"
EndProject
Project("{2150E333-8FDC-42A3-9474-1A3956D46DE8}") = "06 【原型模式】Prototype Pattern", "06 【原型模式】Prototype Pattern", "{EEC6EAD7-EED3-4493-9E88-1E1B16D0AD06}"
EndProject
Project("{FAE04EC0-301F-11D3-BF4B-00C04F79EFBC}") = "PrototypePattern", "PrototypePattern\PrototypePattern.csproj", "{40E9035C-209B-42DE-81E9-5C608BA9F6B7}"
EndProject
Project("{2150E333-8FDC-42A3-9474-1A3956D46DE8}") = "07 【适配器模式】Adapter Pattern", "07 【适配器模式】Adapter Pattern", "{4977E7B2-5732-42CD-B37D-263301FFBFB4}"
EndProject
Project("{FAE04EC0-301F-11D3-BF4B-00C04F79EFBC}") = "AdapterPattern", "AdapterPattern\AdapterPattern.csproj", "{EC07683C-24C8-4625-9C8C-5B134726D58D}"
EndProject
Global
	GlobalSection(SolutionConfigurationPlatforms) = preSolution
		Debug|Any CPU = Debug|Any CPU
		Release|Any CPU = Release|Any CPU
	EndGlobalSection
	GlobalSection(ProjectConfigurationPlatforms) = postSolution
		{C3630468-2846-464F-A4ED-6D1753A668A4}.Debug|Any CPU.ActiveCfg = Debug|Any CPU
		{C3630468-2846-464F-A4ED-6D1753A668A4}.Debug|Any CPU.Build.0 = Debug|Any CPU
		{C3630468-2846-464F-A4ED-6D1753A668A4}.Release|Any CPU.ActiveCfg = Release|Any CPU
		{C3630468-2846-464F-A4ED-6D1753A668A4}.Release|Any CPU.Build.0 = Release|Any CPU
		{B5C01D89-DBB2-4C50-A68F-30C8E40F0A71}.Debug|Any CPU.ActiveCfg = Debug|Any CPU
		{B5C01D89-DBB2-4C50-A68F-30C8E40F0A71}.Debug|Any CPU.Build.0 = Debug|Any CPU
		{B5C01D89-DBB2-4C50-A68F-30C8E40F0A71}.Release|Any CPU.ActiveCfg = Release|Any CPU
		{B5C01D89-DBB2-4C50-A68F-30C8E40F0A71}.Release|Any CPU.Build.0 = Release|Any CPU
		{0BF944CD-6E02-4410-8012-D0B561CB16BD}.Debug|Any CPU.ActiveCfg = Debug|Any CPU
		{0BF944CD-6E02-4410-8012-D0B561CB16BD}.Debug|Any CPU.Build.0 = Debug|Any CPU
		{0BF944CD-6E02-4410-8012-D0B561CB16BD}.Release|Any CPU.ActiveCfg = Release|Any CPU
		{0BF944CD-6E02-4410-8012-D0B561CB16BD}.Release|Any CPU.Build.0 = Release|Any CPU
		{01ADAE31-B41A-4BF1-9BA2-1ED8A9DAB274}.Debug|Any CPU.ActiveCfg = Debug|Any CPU
		{01ADAE31-B41A-4BF1-9BA2-1ED8A9DAB274}.Debug|Any CPU.Build.0 = Debug|Any CPU
		{01ADAE31-B41A-4BF1-9BA2-1ED8A9DAB274}.Release|Any CPU.ActiveCfg = Release|Any CPU
		{01ADAE31-B41A-4BF1-9BA2-1ED8A9DAB274}.Release|Any CPU.Build.0 = Release|Any CPU
		{A64C5AF1-4CC4-46D5-BAB4-231558020DC2}.Debug|Any CPU.ActiveCfg = Debug|Any CPU
		{A64C5AF1-4CC4-46D5-BAB4-231558020DC2}.Debug|Any CPU.Build.0 = Debug|Any CPU
		{A64C5AF1-4CC4-46D5-BAB4-231558020DC2}.Release|Any CPU.ActiveCfg = Release|Any CPU
		{A64C5AF1-4CC4-46D5-BAB4-231558020DC2}.Release|Any CPU.Build.0 = Release|Any CPU
		{40E9035C-209B-42DE-81E9-5C608BA9F6B7}.Debug|Any CPU.ActiveCfg = Debug|Any CPU
		{40E9035C-209B-42DE-81E9-5C608BA9F6B7}.Debug|Any CPU.Build.0 = Debug|Any CPU
		{40E9035C-209B-42DE-81E9-5C608BA9F6B7}.Release|Any CPU.ActiveCfg = Release|Any CPU
		{40E9035C-209B-42DE-81E9-5C608BA9F6B7}.Release|Any CPU.Build.0 = Release|Any CPU
		{EC07683C-24C8-4625-9C8C-5B134726D58D}.Debug|Any CPU.ActiveCfg = Debug|Any CPU
		{EC07683C-24C8-4625-9C8C-5B134726D58D}.Debug|Any CPU.Build.0 = Debug|Any CPU
		{EC07683C-24C8-4625-9C8C-5B134726D58D}.Release|Any CPU.ActiveCfg = Release|Any CPU
		{EC07683C-24C8-4625-9C8C-5B134726D58D}.Release|Any CPU.Build.0 = Release|Any CPU
	EndGlobalSection
	GlobalSection(SolutionProperties) = preSolution
		HideSolutionNode = FALSE
	EndGlobalSection
	GlobalSection(NestedProjects) = preSolution
		{C3630468-2846-464F-A4ED-6D1753A668A4} = {82580DA3-37BA-4CB8-92B0-E14A0ED7E11D}
		{B5C01D89-DBB2-4C50-A68F-30C8E40F0A71} = {58633814-E6AB-4853-B705-DEA2865E0146}
		{0BF944CD-6E02-4410-8012-D0B561CB16BD} = {52CF030A-8BF0-4D3F-A90B-7696EBB268D7}
		{01ADAE31-B41A-4BF1-9BA2-1ED8A9DAB274} = {B7AF08A8-AE1B-400E-A2C0-60AA0E769F1F}
		{A64C5AF1-4CC4-46D5-BAB4-231558020DC2} = {14725CD9-4771-464C-B9DE-980DD4F2BD91}
		{40E9035C-209B-42DE-81E9-5C608BA9F6B7} = {EEC6EAD7-EED3-4493-9E88-1E1B16D0AD06}
		{EC07683C-24C8-4625-9C8C-5B134726D58D} = {4977E7B2-5732-42CD-B37D-263301FFBFB4}
	EndGlobalSection
	GlobalSection(ExtensibilityGlobals) = postSolution
		SolutionGuid = {9266E083-0F8E-4A5A-B783-CD804B52F70D}
	EndGlobalSection
EndGlobal
